<?xml version="1.0" encoding="utf-8"?>
<Project ToolsVersion="4.0" xmlns="http://schemas.microsoft.com/developer/msbuild/2003">
  <ItemGroup>
    <Filter Include="Source Files">
      <UniqueIdentifier>{4FC737F1-C7A5-4376-A066-2A32D752A2FF}</UniqueIdentifier>
      <Extensions>cpp;cxx;c;def</Extensions>
    </Filter>
    <Filter Include="Header Files">
      <UniqueIdentifier>{93995380-89BD-4b04-88EB-625FBE52EBFB}</UniqueIdentifier>
      <Extensions>h</Extensions>
    </Filter>
    <Filter Include="Form Files">
      <UniqueIdentifier>{99349809-55BA-4b9d-BF79-8FDBB0286EB3}</UniqueIdentifier>
      <Extensions>ui</Extensions>
    </Filter>
    <Filter Include="Resource Files">
      <UniqueIdentifier>{D9D6E242-F8AF-46E4-B9FD-80ECBC20BA3E}</UniqueIdentifier>
      <Extensions>qrc;*</Extensions>
      <ParseFiles>false</ParseFiles>
    </Filter>
    <Filter Include="Generated Files">
      <UniqueIdentifier>{71ED8ED8-ACB9-4CE9-BBE1-E00B30144E11}</UniqueIdentifier>
      <Extensions>moc;h;cpp</Extensions>
      <SourceControlFiles>False</SourceControlFiles>
    </Filter>
    <Filter Include="Generated Files\Debug">
      <UniqueIdentifier>{c5ce84b9-2976-4d4f-8675-fa1a134cabe4}</UniqueIdentifier>
      <Extensions>cpp;moc</Extensions>
      <SourceControlFiles>False</SourceControlFiles>
    </Filter>
    <Filter Include="Generated Files\Release">
      <UniqueIdentifier>{b7a883b4-0c55-4757-a20b-a888aebe08ed}</UniqueIdentifier>
      <Extensions>cpp;moc</Extensions>
      <SourceControlFiles>False</SourceControlFiles>
    </Filter>
  </ItemGroup>
  <ItemGroup>
    <ClCompile Include="main.cpp">
      <Filter>Source Files</Filter>
    </ClCompile>
    <ClCompile Include="websiteofflinetool.cpp">
      <Filter>Source Files</Filter>
    </ClCompile>
    <ClCompile Include="GeneratedFiles\Debug\moc_websiteofflinetool.cpp">
      <Filter>Generated Files\Debug</Filter>
    </ClCompile>
    <ClCompile Include="GeneratedFiles\Release\moc_websiteofflinetool.cpp">
      <Filter>Generated Files\Release</Filter>
    </ClCompile>
    <ClCompile Include="GeneratedFiles\qrc_websiteofflinetool.cpp">
      <Filter>Generated Files</Filter>
    </ClCompile>
    <ClCompile Include="GeneratedFiles\Debug\moc_AutoEditTreeView.cpp">
      <Filter>Generated Files\Debug</Filter>
    </ClCompile>
    <ClCompile Include="GeneratedFiles\Release\moc_AutoEditTreeView.cpp">
      <Filter>Generated Files\Release</Filter>
    </ClCompile>
    <ClCompile Include="AutoEditTreeView.cpp">
      <Filter>Source Files</Filter>
    </ClCompile>
    <ClCompile Include="DownTaskThread.cpp">
      <Filter>Source Files</Filter>
    </ClCompile>
    <ClCompile Include="GeneratedFiles\Debug\moc_DownTaskThread.cpp">
      <Filter>Generated Files\Debug</Filter>
    </ClCompile>
    <ClCompile Include="GeneratedFiles\Release\moc_DownTaskThread.cpp">
      <Filter>Generated Files\Release</Filter>
    </ClCompile>
    <ClCompile Include="UrlRelinkToLocal.cpp">
      <Filter>Source Files</Filter>
    </ClCompile>
    <ClCompile Include="C:\DevLibrary\UtilityFunc\detecttextcodecname.cpp">
      <Filter>Source Files</Filter>
    </ClCompile>
    <ClCompile Include="C:\DevLibrary\UtilityFunc\CreateDirs.cpp">
      <Filter>Source Files</Filter>
    </ClCompile>
    <ClCompile Include="C:\DevLibrary\UtilityFunc\autidebug.cpp">
      <Filter>Source Files</Filter>
    </ClCompile>
    <ClCompile Include="C:\DevLibrary\UtilityFunc\MMutex.cpp">
      <Filter>Source Files</Filter>
    </ClCompile>
    <ClCompile Include="RocksDbDownTaskThread.cpp">
      <Filter>Source Files</Filter>
    </ClCompile>
    <ClCompile Include="GeneratedFiles\Debug\moc_RocksDbDownTaskThread.cpp">
      <Filter>Generated Files\Debug</Filter>
    </ClCompile>
    <ClCompile Include="GeneratedFiles\Release\moc_RocksDbDownTaskThread.cpp">
      <Filter>Generated Files\Release</Filter>
    </ClCompile>
    <ClCompile Include="CurlHttpPostGet.cpp">
      <Filter>Source Files</Filter>
    </ClCompile>
    <ClCompile Include="CUrlDirectDowner.cpp">
      <Filter>Source Files</Filter>
    </ClCompile>
    <ClCompile Include="urltofilename.cpp">
      <Filter>Source Files</Filter>
    </ClCompile>
    <ClCompile Include="RegexGobalMatchAndCombi.cpp">
      <Filter>Source Files</Filter>
    </ClCompile>
    <ClCompile Include="snappy\snappy.cc">
      <Filter>Source Files</Filter>
    </ClCompile>
    <ClCompile Include="snappy\snappy-c.cc">
      <Filter>Source Files</Filter>
    </ClCompile>
    <ClCompile Include="snappy\snappy-sinksource.cc">
      <Filter>Source Files</Filter>
    </ClCompile>
    <ClCompile Include="snappy\snappy-stubs-internal.cc">
      <Filter>Source Files</Filter>
    </ClCompile>
    <ClCompile Include="..\..\..\DevLibrary\UtilityFunc\qtudpsend.cpp">
      <Filter>Source Files</Filter>
    </ClCompile>
    <ClCompile Include="C:\DevLibrary\UtilityFunc\HTML2Text\GetHtmlTitle.cpp">
      <Filter>Source Files</Filter>
    </ClCompile>
    <ClCompile Include="C:\DevLibrary\UtilityFunc\HTML2Text\HtmlCharMap.cpp">
      <Filter>Source Files</Filter>
    </ClCompile>
    <ClCompile Include="C:\DevLibrary\UtilityFunc\HTML2Text\htmlgetfullnode.cpp">
      <Filter>Source Files</Filter>
    </ClCompile>
    <ClCompile Include="C:\DevLibrary\UtilityFunc\HTML2Text\HtmlToText.cpp">
      <Filter>Source Files</Filter>
    </ClCompile>
  </ItemGroup>
  <ItemGroup>
    <CustomBuild Include="websiteofflinetool.h">
      <Filter>Header Files</Filter>
    </CustomBuild>
    <CustomBuild Include="websiteofflinetool.ui">
      <Filter>Form Files</Filter>
    </CustomBuild>
    <CustomBuild Include="websiteofflinetool.qrc">
      <Filter>Resource Files</Filter>
    </CustomBuild>
    <CustomBuild Include="AutoEditTreeView.h">
      <Filter>Source Files</Filter>
    </CustomBuild>
    <CustomBuild Include="DownTaskThread.h">
      <Filter>Source Files</Filter>
    </CustomBuild>
    <CustomBuild Include="UrlRelinkToLocal.h">
      <Filter>Source Files</Filter>
    </CustomBuild>
    <CustomBuild Include="RocksDbDownTaskThread.h">
      <Filter>Source Files</Filter>
    </CustomBuild>
  </ItemGroup>
  <ItemGroup>
    <ClInclude Include="GeneratedFiles\ui_websiteofflinetool.h">
      <Filter>Generated Files</Filter>
    </ClInclude>
    <ClInclude Include="C:\DevLibrary\UtilityFunc\detecttextcodecname.h">
      <Filter>Source Files</Filter>
    </ClInclude>
    <ClInclude Include="C:\DevLibrary\UtilityFunc\CreateDirs.h">
      <Filter>Source Files</Filter>
    </ClInclude>
    <ClInclude Include="resource.h">
      <Filter>Header Files</Filter>
    </ClInclude>
    <ClInclude Include="C:\DevLibrary\UtilityFunc\autidebug.h">
      <Filter>Source Files</Filter>
    </ClInclude>
    <ClInclude Include="C:\DevLibrary\UtilityFunc\MMutex.h">
      <Filter>Source Files</Filter>
    </ClInclude>
    <ClInclude Include="gzip.h">
      <Filter>Source Files</Filter>
    </ClInclude>
    <ClInclude Include="C:\DevLibrary\UtilityFunc\_weblicstartv2.h">
      <Filter>Source Files</Filter>
    </ClInclude>
    <ClInclude Include="CurlHttpPostGet.h">
      <Filter>Source Files</Filter>
    </ClInclude>
    <ClInclude Include="CUrlDirectDowner.h">
      <Filter>Source Files</Filter>
    </ClInclude>
    <ClInclude Include="urltofilename.h">
      <Filter>Source Files</Filter>
    </ClInclude>
    <ClInclude Include="RegexGobalMatchAndCombi.h">
      <Filter>Source Files</Filter>
    </ClInclude>
    <ClInclude Include="snappy\snappy.h">
      <Filter>Source Files</Filter>
    </ClInclude>
    <ClInclude Include="snappy\snappy-c.h">
      <Filter>Source Files</Filter>
    </ClInclude>
    <ClInclude Include="snappy\snappy-internal.h">
      <Filter>Source Files</Filter>
    </ClInclude>
    <ClInclude Include="snappy\snappy-sinksource.h">
      <Filter>Source Files</Filter>
    </ClInclude>
    <ClInclude Include="snappy\snappy-stubs-internal.h">
      <Filter>Source Files</Filter>
    </ClInclude>
    <ClInclude Include="snappy\snappy-stubs-public.h">
      <Filter>Source Files</Filter>
    </ClInclude>
    <ClInclude Include="C:\DevLibrary\UtilityFunc\HTML2Text\GetHtmlTitle.h">
      <Filter>Source Files</Filter>
    </ClInclude>
    <ClInclude Include="C:\DevLibrary\UtilityFunc\HTML2Text\HtmlCharMap.h">
      <Filter>Source Files</Filter>
    </ClInclude>
    <ClInclude Include="C:\DevLibrary\UtilityFunc\HTML2Text\htmlgetfullnode.h">
      <Filter>Source Files</Filter>
    </ClInclude>
    <ClInclude Include="C:\DevLibrary\UtilityFunc\HTML2Text\HtmlToText.h">
      <Filter>Source Files</Filter>
    </ClInclude>
  </ItemGroup>
  <ItemGroup>
    <ResourceCompile Include="WebsiteOfflineTool.rc" />
  </ItemGroup>
  <ItemGroup>
    <Image Include="icon1.ico" />
  </ItemGroup>
</Project>